
Microsoft Visual Studio Solution File, Format Version 12.00
# Visual Studio Version 17
VisualStudioVersion = 17.5.33627.172
MinimumVisualStudioVersion = 10.0.40219.1
Project("{FAE04EC0-301F-11D3-BF4B-00C04F79EFBC}") = "cnjr-netcore-jwt", "cnjr-netcore-jwt\cnjr-netcore-jwt.csproj", "{2BF456CE-7AC3-4E9C-A7F7-18BC8FC41AD4}"
EndProject
Global
	GlobalSection(SolutionConfigurationPlatforms) = preSolution
		Debug|Any CPU = Debug|Any CPU
		Release|Any CPU = Release|Any CPU
	EndGlobalSection
	GlobalSection(ProjectConfigurationPlatforms) = postSolution
		{2BF456CE-7AC3-4E9C-A7F7-18BC8FC41AD4}.Debug|Any CPU.ActiveCfg = Debug|Any CPU
		{2BF456CE-7AC3-4E9C-A7F7-18BC8FC41AD4}.Debug|Any CPU.Build.0 = Debug|Any CPU
		{2BF456CE-7AC3-4E9C-A7F7-18BC8FC41AD4}.Release|Any CPU.ActiveCfg = Release|Any CPU
		{2BF456CE-7AC3-4E9C-A7F7-18BC8FC41AD4}.Release|Any CPU.Build.0 = Release|Any CPU
	EndGlobalSection
	GlobalSection(SolutionProperties) = preSolution
		HideSolutionNode = FALSE
	EndGlobalSection
	GlobalSection(ExtensibilityGlobals) = postSolution
		SolutionGuid = {0E6DCFD6-9771-4BAC-9B18-4BCFE52D7BF8}
	EndGlobalSection
EndGlobal
